{
  "name": "test-module",
  "lockfileVersion": 3,
  "requires": true,
  "packages": {
    "": {
      "devDependencies": {
        "simpledrop-js": "^1.0.0"
      }
    },
    "node_modules/simpledrop-js": {
      "version": "1.0.0",
      "resolved": "https://registry.npmjs.org/simpledrop-js/-/simpledrop-js-1.0.0.tgz",
      "integrity": "sha512-npJoOk2oWj7J+TE16lhWdQ8g2C53z5nILbZEyn3WbSOGJZcBJxPWFDwL01IMHEjxEhGBIP7SklTFgD3oH7s/Zg==",
      "dev": true
    }
  }
}
